
Microsoft Visual Studio Solution File, Format Version 12.00
# Visual Studio Version 16
VisualStudioVersion = 16.0.30320.27
MinimumVisualStudioVersion = 10.0.40219.1
Project("{FAE04EC0-301F-11D3-BF4B-00C04F79EFBC}") = "BlazorAppWebAssemblyPWA", "BlazorAppWebAssemblyPWA\BlazorAppWebAssemblyPWA.csproj", "{127715DC-30AE-4ED9-A313-DCE4C299CC53}"
EndProject
Global
	GlobalSection(SolutionConfigurationPlatforms) = preSolution
		Debug|Any CPU = Debug|Any CPU
		Release|Any CPU = Release|Any CPU
	EndGlobalSection
	GlobalSection(ProjectConfigurationPlatforms) = postSolution
		{127715DC-30AE-4ED9-A313-DCE4C299CC53}.Debug|Any CPU.ActiveCfg = Debug|Any CPU
		{127715DC-30AE-4ED9-A313-DCE4C299CC53}.Debug|Any CPU.Build.0 = Debug|Any CPU
		{127715DC-30AE-4ED9-A313-DCE4C299CC53}.Release|Any CPU.ActiveCfg = Release|Any CPU
		{127715DC-30AE-4ED9-A313-DCE4C299CC53}.Release|Any CPU.Build.0 = Release|Any CPU
	EndGlobalSection
	GlobalSection(SolutionProperties) = preSolution
		HideSolutionNode = FALSE
	EndGlobalSection
	GlobalSection(ExtensibilityGlobals) = postSolution
		SolutionGuid = {1CDC2FDC-4270-473E-983D-B9A77E48383F}
	EndGlobalSection
EndGlobal
